
Microsoft Visual Studio Solution File, Format Version 12.00
# Visual Studio Version 16
VisualStudioVersion = 16.0.29806.167
MinimumVisualStudioVersion = 10.0.40219.1
Project("{8BC9CEB8-8B4A-11D0-8D11-00A0C91BC942}") = "TestSerialWrite", "TestSerialWrite\TestSerialWrite.vcxproj", "{748779BB-2C9E-4B3E-B3C1-D4FD5128AADA}"
EndProject
Project("{8BC9CEB8-8B4A-11D0-8D11-00A0C91BC942}") = "TestSerialRead", "TestSerialRead\TestSerialRead.vcxproj", "{A3562E54-9272-487E-97A5-533ACCE395E1}"
EndProject
Global
	GlobalSection(SolutionConfigurationPlatforms) = preSolution
		Debug|x64 = Debug|x64
		Debug|x86 = Debug|x86
		Release|x64 = Release|x64
		Release|x86 = Release|x86
	EndGlobalSection
	GlobalSection(ProjectConfigurationPlatforms) = postSolution
		{748779BB-2C9E-4B3E-B3C1-D4FD5128AADA}.Debug|x64.ActiveCfg = Debug|x64
		{748779BB-2C9E-4B3E-B3C1-D4FD5128AADA}.Debug|x64.Build.0 = Debug|x64
		{748779BB-2C9E-4B3E-B3C1-D4FD5128AADA}.Debug|x86.ActiveCfg = Debug|Win32
		{748779BB-2C9E-4B3E-B3C1-D4FD5128AADA}.Debug|x86.Build.0 = Debug|Win32
		{748779BB-2C9E-4B3E-B3C1-D4FD5128AADA}.Release|x64.ActiveCfg = Release|x64
		{748779BB-2C9E-4B3E-B3C1-D4FD5128AADA}.Release|x64.Build.0 = Release|x64
		{748779BB-2C9E-4B3E-B3C1-D4FD5128AADA}.Release|x86.ActiveCfg = Release|Win32
		{748779BB-2C9E-4B3E-B3C1-D4FD5128AADA}.Release|x86.Build.0 = Release|Win32
		{A3562E54-9272-487E-97A5-533ACCE395E1}.Debug|x64.ActiveCfg = Debug|x64
		{A3562E54-9272-487E-97A5-533ACCE395E1}.Debug|x64.Build.0 = Debug|x64
		{A3562E54-9272-487E-97A5-533ACCE395E1}.Debug|x86.ActiveCfg = Debug|Win32
		{A3562E54-9272-487E-97A5-533ACCE395E1}.Debug|x86.Build.0 = Debug|Win32
		{A3562E54-9272-487E-97A5-533ACCE395E1}.Release|x64.ActiveCfg = Release|x64
		{A3562E54-9272-487E-97A5-533ACCE395E1}.Release|x64.Build.0 = Release|x64
		{A3562E54-9272-487E-97A5-533ACCE395E1}.Release|x86.ActiveCfg = Release|Win32
		{A3562E54-9272-487E-97A5-533ACCE395E1}.Release|x86.Build.0 = Release|Win32
	EndGlobalSection
	GlobalSection(SolutionProperties) = preSolution
		HideSolutionNode = FALSE
	EndGlobalSection
	GlobalSection(ExtensibilityGlobals) = postSolution
		SolutionGuid = {24467571-5B99-49F8-8574-6449109B53F4}
	EndGlobalSection
EndGlobal
